
Microsoft Visual Studio Solution File, Format Version 12.00
# Visual Studio Version 16
VisualStudioVersion = 16.0.29519.181
MinimumVisualStudioVersion = 10.0.40219.1
Project("{FAE04EC0-301F-11D3-BF4B-00C04F79EFBC}") = "Bulbi-dex", "Bulbi-dex\Bulbi-dex.csproj", "{634304B0-F940-4213-8959-2A5FBD60DBF6}"
EndProject
Global
	GlobalSection(SolutionConfigurationPlatforms) = preSolution
		Debug|Any CPU = Debug|Any CPU
		Release|Any CPU = Release|Any CPU
	EndGlobalSection
	GlobalSection(ProjectConfigurationPlatforms) = postSolution
		{634304B0-F940-4213-8959-2A5FBD60DBF6}.Debug|Any CPU.ActiveCfg = Debug|Any CPU
		{634304B0-F940-4213-8959-2A5FBD60DBF6}.Debug|Any CPU.Build.0 = Debug|Any CPU
		{634304B0-F940-4213-8959-2A5FBD60DBF6}.Release|Any CPU.ActiveCfg = Release|Any CPU
		{634304B0-F940-4213-8959-2A5FBD60DBF6}.Release|Any CPU.Build.0 = Release|Any CPU
	EndGlobalSection
	GlobalSection(SolutionProperties) = preSolution
		HideSolutionNode = FALSE
	EndGlobalSection
	GlobalSection(ExtensibilityGlobals) = postSolution
		SolutionGuid = {ECF28FB3-71F9-48CC-849B-546FAFBDFBD6}
	EndGlobalSection
EndGlobal
